
Microsoft Visual Studio Solution File, Format Version 12.00
# Visual Studio Version 17
VisualStudioVersion = 17.7.34221.43
MinimumVisualStudioVersion = 10.0.40219.1
Project("{FAE04EC0-301F-11D3-BF4B-00C04F79EFBC}") = "Project15", "Project15\Project15.csproj", "{532F8EF1-A705-4D41-BAF9-6ED72751D9DB}"
EndProject
Global
	GlobalSection(SolutionConfigurationPlatforms) = preSolution
		Debug|Any CPU = Debug|Any CPU
		Release|Any CPU = Release|Any CPU
	EndGlobalSection
	GlobalSection(ProjectConfigurationPlatforms) = postSolution
		{532F8EF1-A705-4D41-BAF9-6ED72751D9DB}.Debug|Any CPU.ActiveCfg = Debug|Any CPU
		{532F8EF1-A705-4D41-BAF9-6ED72751D9DB}.Debug|Any CPU.Build.0 = Debug|Any CPU
		{532F8EF1-A705-4D41-BAF9-6ED72751D9DB}.Release|Any CPU.ActiveCfg = Release|Any CPU
		{532F8EF1-A705-4D41-BAF9-6ED72751D9DB}.Release|Any CPU.Build.0 = Release|Any CPU
	EndGlobalSection
	GlobalSection(SolutionProperties) = preSolution
		HideSolutionNode = FALSE
	EndGlobalSection
	GlobalSection(ExtensibilityGlobals) = postSolution
		SolutionGuid = {FEA58895-3B57-4B3E-B7A2-B1DC44D4868F}
	EndGlobalSection
EndGlobal
