
Microsoft Visual Studio Solution File, Format Version 12.00
# Visual Studio Version 17
VisualStudioVersion = 17.7.34221.43
MinimumVisualStudioVersion = 10.0.40219.1
Project("{FAE04EC0-301F-11D3-BF4B-00C04F79EFBC}") = "Project14", "Project14\Project14.csproj", "{F87833D4-58DD-465E-8160-9D64549DA031}"
EndProject
Global
	GlobalSection(SolutionConfigurationPlatforms) = preSolution
		Debug|Any CPU = Debug|Any CPU
		Release|Any CPU = Release|Any CPU
	EndGlobalSection
	GlobalSection(ProjectConfigurationPlatforms) = postSolution
		{F87833D4-58DD-465E-8160-9D64549DA031}.Debug|Any CPU.ActiveCfg = Debug|Any CPU
		{F87833D4-58DD-465E-8160-9D64549DA031}.Debug|Any CPU.Build.0 = Debug|Any CPU
		{F87833D4-58DD-465E-8160-9D64549DA031}.Release|Any CPU.ActiveCfg = Release|Any CPU
		{F87833D4-58DD-465E-8160-9D64549DA031}.Release|Any CPU.Build.0 = Release|Any CPU
	EndGlobalSection
	GlobalSection(SolutionProperties) = preSolution
		HideSolutionNode = FALSE
	EndGlobalSection
	GlobalSection(ExtensibilityGlobals) = postSolution
		SolutionGuid = {3D23239D-2785-4FF7-87E3-3A2D682D7DF4}
	EndGlobalSection
EndGlobal
